Microsoft Visual Studio Solution File, Format Version 12.00
# Visual Studio Version 17
VisualStudioVersion = 17.5.2.0
MinimumVisualStudioVersion = 10.0.40219.1
Project("{FAE04EC0-301F-11D3-BF4B-00C04F79EFBC}") = "MethodOverridingAndHiding", "MethodOverridingAndHiding.csproj", "{ED7218EB-606C-183E-8C32-1247E7403942}"
EndProject
Global
	GlobalSection(SolutionConfigurationPlatforms) = preSolution
		Debug|Any CPU = Debug|Any CPU
		Release|Any CPU = Release|Any CPU
	EndGlobalSection
	GlobalSection(ProjectConfigurationPlatforms) = postSolution
		{ED7218EB-606C-183E-8C32-1247E7403942}.Debug|Any CPU.ActiveCfg = Debug|Any CPU
		{ED7218EB-606C-183E-8C32-1247E7403942}.Debug|Any CPU.Build.0 = Debug|Any CPU
		{ED7218EB-606C-183E-8C32-1247E7403942}.Release|Any CPU.ActiveCfg = Release|Any CPU
		{ED7218EB-606C-183E-8C32-1247E7403942}.Release|Any CPU.Build.0 = Release|Any CPU
	EndGlobalSection
	GlobalSection(SolutionProperties) = preSolution
		HideSolutionNode = FALSE
	EndGlobalSection
	GlobalSection(ExtensibilityGlobals) = postSolution
		SolutionGuid = {FCF0BE5F-796D-4641-BD48-02462C955F1C}
	EndGlobalSection
EndGlobal
